
Microsoft Visual Studio Solution File, Format Version 12.00
# Visual Studio Version 16
VisualStudioVersion = 16.0.31019.35
MinimumVisualStudioVersion = 10.0.40219.1
Project("{FAE04EC0-301F-11D3-BF4B-00C04F79EFBC}") = "PIE_Project_SD", "PIE_Project_SD.csproj", "{61C26F13-7485-4456-9AD9-FCE4573CC029}"
EndProject
Project("{FAE04EC0-301F-11D3-BF4B-00C04F79EFBC}") = "PIEdll", "C:\Users\16288\source\repos\PIEdll\PIEdll.csproj", "{4B797093-F7F7-43A2-8162-03B250A53744}"
EndProject
Global
	GlobalSection(SolutionConfigurationPlatforms) = preSolution
		Debug|Any CPU = Debug|Any CPU
		Debug|x64 = Debug|x64
		Debug|x86 = Debug|x86
		Release|Any CPU = Release|Any CPU
		Release|x64 = Release|x64
		Release|x86 = Release|x86
	EndGlobalSection
	GlobalSection(ProjectConfigurationPlatforms) = postSolution
		{61C26F13-7485-4456-9AD9-FCE4573CC029}.Debug|Any CPU.ActiveCfg = Debug|Any CPU
		{61C26F13-7485-4456-9AD9-FCE4573CC029}.Debug|Any CPU.Build.0 = Debug|Any CPU
		{61C26F13-7485-4456-9AD9-FCE4573CC029}.Debug|x64.ActiveCfg = Debug|x64
		{61C26F13-7485-4456-9AD9-FCE4573CC029}.Debug|x64.Build.0 = Debug|x64
		{61C26F13-7485-4456-9AD9-FCE4573CC029}.Debug|x86.ActiveCfg = Debug|x86
		{61C26F13-7485-4456-9AD9-FCE4573CC029}.Debug|x86.Build.0 = Debug|x86
		{61C26F13-7485-4456-9AD9-FCE4573CC029}.Release|Any CPU.ActiveCfg = Release|Any CPU
		{61C26F13-7485-4456-9AD9-FCE4573CC029}.Release|Any CPU.Build.0 = Release|Any CPU
		{61C26F13-7485-4456-9AD9-FCE4573CC029}.Release|x64.ActiveCfg = Release|x64
		{61C26F13-7485-4456-9AD9-FCE4573CC029}.Release|x64.Build.0 = Release|x64
		{61C26F13-7485-4456-9AD9-FCE4573CC029}.Release|x86.ActiveCfg = Release|x86
		{61C26F13-7485-4456-9AD9-FCE4573CC029}.Release|x86.Build.0 = Release|x86
		{4B797093-F7F7-43A2-8162-03B250A53744}.Debug|Any CPU.ActiveCfg = Debug|Any CPU
		{4B797093-F7F7-43A2-8162-03B250A53744}.Debug|Any CPU.Build.0 = Debug|Any CPU
		{4B797093-F7F7-43A2-8162-03B250A53744}.Debug|x64.ActiveCfg = Debug|Any CPU
		{4B797093-F7F7-43A2-8162-03B250A53744}.Debug|x64.Build.0 = Debug|Any CPU
		{4B797093-F7F7-43A2-8162-03B250A53744}.Debug|x86.ActiveCfg = Debug|Any CPU
		{4B797093-F7F7-43A2-8162-03B250A53744}.Debug|x86.Build.0 = Debug|Any CPU
		{4B797093-F7F7-43A2-8162-03B250A53744}.Release|Any CPU.ActiveCfg = Release|Any CPU
		{4B797093-F7F7-43A2-8162-03B250A53744}.Release|Any CPU.Build.0 = Release|Any CPU
		{4B797093-F7F7-43A2-8162-03B250A53744}.Release|x64.ActiveCfg = Release|Any CPU
		{4B797093-F7F7-43A2-8162-03B250A53744}.Release|x64.Build.0 = Release|Any CPU
		{4B797093-F7F7-43A2-8162-03B250A53744}.Release|x86.ActiveCfg = Release|Any CPU
		{4B797093-F7F7-43A2-8162-03B250A53744}.Release|x86.Build.0 = Release|Any CPU
	EndGlobalSection
	GlobalSection(SolutionProperties) = preSolution
		HideSolutionNode = FALSE
	EndGlobalSection
	GlobalSection(ExtensibilityGlobals) = postSolution
		SolutionGuid = {7649ACD6-7DF7-4143-AB88-1E1900434F32}
	EndGlobalSection
EndGlobal
